
Microsoft Visual Studio Solution File, Format Version 12.00
# Visual Studio Version 17
VisualStudioVersion = 17.4.33110.190
MinimumVisualStudioVersion = 10.0.40219.1
Project("{9A19103F-16F7-4668-BE54-9A1E7A4F7556}") = "GiffyglyphMonsterMakerV3", "GiffyglyphMonsterMakerV3\GiffyglyphMonsterMakerV3.csproj", "{F1668265-59EC-4984-B01F-280EEB34ECA8}"
EndProject
Global
	GlobalSection(SolutionConfigurationPlatforms) = preSolution
		Debug|Any CPU = Debug|Any CPU
		Release|Any CPU = Release|Any CPU
	EndGlobalSection
	GlobalSection(ProjectConfigurationPlatforms) = postSolution
		{F1668265-59EC-4984-B01F-280EEB34ECA8}.Debug|Any CPU.ActiveCfg = Debug|Any CPU
		{F1668265-59EC-4984-B01F-280EEB34ECA8}.Debug|Any CPU.Build.0 = Debug|Any CPU
		{F1668265-59EC-4984-B01F-280EEB34ECA8}.Release|Any CPU.ActiveCfg = Release|Any CPU
		{F1668265-59EC-4984-B01F-280EEB34ECA8}.Release|Any CPU.Build.0 = Release|Any CPU
	EndGlobalSection
	GlobalSection(SolutionProperties) = preSolution
		HideSolutionNode = FALSE
	EndGlobalSection
	GlobalSection(ExtensibilityGlobals) = postSolution
		SolutionGuid = {BFBF9C60-7C5C-4D27-AD1E-8588C716B138}
	EndGlobalSection
EndGlobal
