{
  "name": "GiffyglyphMonsterMakerV3",
  "lockfileVersion": 2,
  "requires": true,
  "packages": {
    "": {
      "dependencies": {
        "@fortawesome/fontawesome-pro": "^6.2.1"
      }
    },
    "node_modules/@fortawesome/fontawesome-pro": {
      "version": "6.2.1",
      "resolved": "https://npm.fontawesome.com/@fortawesome/fontawesome-pro/-/6.2.1/fontawesome-pro-6.2.1.tgz",
      "integrity": "sha512-dHk7iiCf5MCmoUvmrYzfN/I3gebpgpA1oqlOffgOThnsaAR4kpaQ5YMTdkdG99Of1hnN0Bok6R+HE28zXb3SOg==",
      "engines": {
        "node": ">=6"
      }
    }
  },
  "dependencies": {
    "@fortawesome/fontawesome-pro": {
      "version": "6.2.1",
      "resolved": "https://npm.fontawesome.com/@fortawesome/fontawesome-pro/-/6.2.1/fontawesome-pro-6.2.1.tgz",
      "integrity": "sha512-dHk7iiCf5MCmoUvmrYzfN/I3gebpgpA1oqlOffgOThnsaAR4kpaQ5YMTdkdG99Of1hnN0Bok6R+HE28zXb3SOg=="
    }
  }
}
